{
  "name": "libfantank",
  "version": "1.0.0",
  "lockfileVersion": 1,
  "requires": true,
  "dependencies": {
    "cqrs": {
      "version": "file:../cqrs",
      "requires": {
        "avsc": "5.0.4",
        "lodash": "4.17.4",
        "uuid": "3.1.0"
      },
      "dependencies": {
        "avsc": {
          "version": "5.0.4",
          "bundled": true
        },
        "lodash": {
          "version": "4.17.4",
          "bundled": true
        },
        "uuid": {
          "version": "3.1.0",
          "bundled": true
        }
      }
    },
    "lodash": {
      "version": "4.17.4",
      "resolved": "https://artifactory.gannettdigital.com/artifactory/api/npm/cs-node-virtual/lodash/-/lodash-4.17.4.tgz",
      "integrity": "sha1-eCA6TRwyiuHYbcpkYONptX9AVa4="
    },
    "uuid": {
      "version": "3.1.0",
      "resolved": "https://registry.npmjs.org/uuid/-/uuid-3.1.0.tgz",
      "integrity": "sha512-DIWtzUkw04M4k3bf1IcpS2tngXEL26YUD2M0tMDUpnUrz2hgzUBlD55a4FjdLGPvfHxS6uluGWvaVEqgBcVa+g=="
    }
  }
}
